
Microsoft Visual Studio Solution File, Format Version 12.00
# Visual Studio Version 17
VisualStudioVersion = 17.1.32319.34
MinimumVisualStudioVersion = 10.0.40219.1
Project("{FAE04EC0-301F-11D3-BF4B-00C04F79EFBC}") = "MyMazdaApi", "MyMazdaApi\MyMazdaApi.csproj", "{D07BAAE7-8305-4F09-B6D8-DFC4B3E50CF2}"
EndProject
Global
	GlobalSection(SolutionConfigurationPlatforms) = preSolution
		Debug|Any CPU = Debug|Any CPU
		Release|Any CPU = Release|Any CPU
	EndGlobalSection
	GlobalSection(ProjectConfigurationPlatforms) = postSolution
		{D07BAAE7-8305-4F09-B6D8-DFC4B3E50CF2}.Debug|Any CPU.ActiveCfg = Debug|Any CPU
		{D07BAAE7-8305-4F09-B6D8-DFC4B3E50CF2}.Debug|Any CPU.Build.0 = Debug|Any CPU
		{D07BAAE7-8305-4F09-B6D8-DFC4B3E50CF2}.Release|Any CPU.ActiveCfg = Release|Any CPU
		{D07BAAE7-8305-4F09-B6D8-DFC4B3E50CF2}.Release|Any CPU.Build.0 = Release|Any CPU
	EndGlobalSection
	GlobalSection(SolutionProperties) = preSolution
		HideSolutionNode = FALSE
	EndGlobalSection
	GlobalSection(ExtensibilityGlobals) = postSolution
		SolutionGuid = {47AFB4AF-3253-48C4-B16B-7FF029BE7D83}
	EndGlobalSection
EndGlobal
